
Microsoft Visual Studio Solution File, Format Version 9.00
# Visual Studio 2005
Project("{8BC9CEB8-8B4A-11D0-8D11-00A0C91BC942}") = "ffrdp", "ffrdp\ffrdp.vcproj", "{6A3B7828-634F-4C26-A6D8-753ACF1FE520}"
EndProject
Global
	GlobalSection(SolutionConfigurationPlatforms) = preSolution
		Debug|Win32 = Debug|Win32
		Release|Win32 = Release|Win32
	EndGlobalSection
	GlobalSection(ProjectConfigurationPlatforms) = postSolution
		{6A3B7828-634F-4C26-A6D8-753ACF1FE520}.Debug|Win32.ActiveCfg = Debug|Win32
		{6A3B7828-634F-4C26-A6D8-753ACF1FE520}.Debug|Win32.Build.0 = Debug|Win32
		{6A3B7828-634F-4C26-A6D8-753ACF1FE520}.Release|Win32.ActiveCfg = Release|Win32
		{6A3B7828-634F-4C26-A6D8-753ACF1FE520}.Release|Win32.Build.0 = Release|Win32
	EndGlobalSection
	GlobalSection(SolutionProperties) = preSolution
		HideSolutionNode = FALSE
	EndGlobalSection
EndGlobal
